Microsoft Visual Studio Solution File, Format Version 12.00
# Visual Studio Version 17
VisualStudioVersion = 17.0.31903.59
MinimumVisualStudioVersion = 10.0.40219.1
Project("{9A19103F-16F7-4668-BE54-9A1E7A4F7556}") = "Altruista834OutboundMonitor", "Altruista834OutboundMonitor/Altruista834OutboundMonitor.csproj", "{70D881FC-DA3C-43F6-99A4-DF7C81D4ED0D}"
EndProject
Project("{9A19103F-16F7-4668-BE54-9A1E7A4F7556}") = "Altruista834OutboundMonitor.Tests", "Altruista834OutboundMonitor/Tests/Altruista834OutboundMonitor.Tests.csproj", "{A4D74D41-8A3E-40F0-BE8E-D53C0A8E1133}"
EndProject
Global
	GlobalSection(SolutionConfigurationPlatforms) = preSolution
		Debug|Any CPU = Debug|Any CPU
		Release|Any CPU = Release|Any CPU
	EndGlobalSection
	GlobalSection(ProjectConfigurationPlatforms) = postSolution
		{70D881FC-DA3C-43F6-99A4-DF7C81D4ED0D}.Debug|Any CPU.ActiveCfg = Debug|Any CPU
		{70D881FC-DA3C-43F6-99A4-DF7C81D4ED0D}.Debug|Any CPU.Build.0 = Debug|Any CPU
		{70D881FC-DA3C-43F6-99A4-DF7C81D4ED0D}.Release|Any CPU.ActiveCfg = Release|Any CPU
		{70D881FC-DA3C-43F6-99A4-DF7C81D4ED0D}.Release|Any CPU.Build.0 = Release|Any CPU
		{A4D74D41-8A3E-40F0-BE8E-D53C0A8E1133}.Debug|Any CPU.ActiveCfg = Debug|Any CPU
		{A4D74D41-8A3E-40F0-BE8E-D53C0A8E1133}.Debug|Any CPU.Build.0 = Debug|Any CPU
		{A4D74D41-8A3E-40F0-BE8E-D53C0A8E1133}.Release|Any CPU.ActiveCfg = Release|Any CPU
		{A4D74D41-8A3E-40F0-BE8E-D53C0A8E1133}.Release|Any CPU.Build.0 = Release|Any CPU
	EndGlobalSection
	GlobalSection(SolutionProperties) = preSolution
		HideSolutionNode = FALSE
	EndGlobalSection
EndGlobal
